
Microsoft Visual Studio Solution File, Format Version 12.00
# Visual Studio Version 16
VisualStudioVersion = 16.0.31624.102
MinimumVisualStudioVersion = 10.0.40219.1
Project("{FAE04EC0-301F-11D3-BF4B-00C04F79EFBC}") = "UnlockPattern2", "UnlockPattern2\UnlockPattern2.csproj", "{D131C308-9E00-4F67-AC62-1731C5230BEF}"
EndProject
Global
	GlobalSection(SolutionConfigurationPlatforms) = preSolution
		Debug|Any CPU = Debug|Any CPU
		Release|Any CPU = Release|Any CPU
	EndGlobalSection
	GlobalSection(ProjectConfigurationPlatforms) = postSolution
		{D131C308-9E00-4F67-AC62-1731C5230BEF}.Debug|Any CPU.ActiveCfg = Debug|Any CPU
		{D131C308-9E00-4F67-AC62-1731C5230BEF}.Debug|Any CPU.Build.0 = Debug|Any CPU
		{D131C308-9E00-4F67-AC62-1731C5230BEF}.Release|Any CPU.ActiveCfg = Release|Any CPU
		{D131C308-9E00-4F67-AC62-1731C5230BEF}.Release|Any CPU.Build.0 = Release|Any CPU
	EndGlobalSection
	GlobalSection(SolutionProperties) = preSolution
		HideSolutionNode = FALSE
	EndGlobalSection
	GlobalSection(ExtensibilityGlobals) = postSolution
		SolutionGuid = {81A5FF13-BF2F-45AD-83DB-30D1260E5A2B}
	EndGlobalSection
EndGlobal
